
Microsoft Visual Studio Solution File, Format Version 12.00
# Visual Studio Version 16
VisualStudioVersion = 16.0.29728.190
MinimumVisualStudioVersion = 10.0.40219.1
Project("{888888A0-9F3D-457C-B088-3A5042F75D52}") = "GuoxiBridgePlot", "GuoxiBridgePlot\GuoxiBridgePlot.pyproj", "{2808A472-FAF0-4AB2-BDCE-8D42BBC08715}"
EndProject
Global
	GlobalSection(SolutionConfigurationPlatforms) = preSolution
		Debug|Any CPU = Debug|Any CPU
		Release|Any CPU = Release|Any CPU
	EndGlobalSection
	GlobalSection(ProjectConfigurationPlatforms) = postSolution
		{2808A472-FAF0-4AB2-BDCE-8D42BBC08715}.Debug|Any CPU.ActiveCfg = Debug|Any CPU
		{2808A472-FAF0-4AB2-BDCE-8D42BBC08715}.Release|Any CPU.ActiveCfg = Release|Any CPU
	EndGlobalSection
	GlobalSection(SolutionProperties) = preSolution
		HideSolutionNode = FALSE
	EndGlobalSection
	GlobalSection(ExtensibilityGlobals) = postSolution
		SolutionGuid = {7D668EEF-BAE7-4CDF-A25A-28FA0CAAB5DB}
	EndGlobalSection
EndGlobal
